// !$*UTF8*$!
{
	archiveVersion = 1;
	classes = {
	};
	objectVersion = 55;
	objects = {

/* Begin PBXBuildFile section */
		569C7D8B28C288D800992C8B /* AppDelegate.swift in Sources */ = {isa = PBXBuildFile; fileRef = 569C7D8A28C288D800992C8B /* AppDelegate.swift */; };
		569C7D8D28C288D800992C8B /* SceneDelegate.swift in Sources */ = {isa = PBXBuildFile; fileRef = 569C7D8C28C288D800992C8B /* SceneDelegate.swift */; };
		569C7D8F28C288D800992C8B /* ViewController.swift in Sources */ = {isa = PBXBuildFile; fileRef = 569C7D8E28C288D800992C8B /* ViewController.swift */; };
		569C7D9228C288D800992C8B /* Main.storyboard in Resources */ = {isa = PBXBuildFile; fileRef = 569C7D9028C288D800992C8B /* Main.storyboard */; };
		569C7D9428C288DB00992C8B /* Assets.xcassets in Resources */ = {isa = PBXBuildFile; fileRef = 569C7D9328C288DB00992C8B /* Assets.xcassets */; };
		569C7D9728C288DB00992C8B /* LaunchScreen.storyboard in Resources */ = {isa = PBXBuildFile; fileRef = 569C7D9528C288DB00992C8B /* LaunchScreen.storyboard */; };
		569C7DA228C288DB00992C8B /* anyk_iosTests.swift in Sources */ = {isa = PBXBuildFile; fileRef = 569C7DA128C288DB00992C8B /* anyk_iosTests.swift */; };
		569C7DAC28C288DB00992C8B /* anyk_iosUITests.swift in Sources */ = {isa = PBXBuildFile; fileRef = 569C7DAB28C288DB00992C8B /* anyk_iosUITests.swift */; };
		569C7DAE28C288DB00992C8B /* anyk_iosUITestsLaunchTests.swift in Sources */ = {isa = PBXBuildFile; fileRef = 569C7DAD28C288DB00992C8B /* anyk_iosUITestsLaunchTests.swift */; };
/* End PBXBuildFile section */

/* Begin PBXContainerItemProxy section */
		569C7D9E28C288DB00992C8B /* PBXContainerItemProxy */ = {
			isa = PBXContainerItemProxy;
			containerPortal = 569C7D7F28C288D800992C8B /* Project object */;
			proxyType = 1;
			remoteGlobalIDString = 569C7D8628C288D800992C8B;
			remoteInfo = "anyk-ios";
		};
		569C7DA828C288DB00992C8B /* PBXContainerItemProxy */ = {
			isa = PBXContainerItemProxy;
			containerPortal = 569C7D7F28C288D800992C8B /* Project object */;
			proxyType = 1;
			remoteGlobalIDString = 569C7D8628C288D800992C8B;
			remoteInfo = "anyk-ios";
		};
/* End PBXContainerItemProxy section */

/* Begin PBXFileReference section */
		569C7D8728C288D800992C8B /* anyk-ios.app */ = {isa = PBXFileReference; explicitFileType = wrapper.application; includeInIndex = 0; path = "anyk-ios.app"; sourceTree = BUILT_PRODUCTS_DIR; };
		569C7D8A28C288D800992C8B /* AppDelegate.swift */ = {isa = PBXFileReference; lastKnownFileType = sourcecode.swift; path = AppDelegate.swift; sourceTree = "<group>"; };
		569C7D8C28C288D800992C8B /* SceneDelegate.swift */ = {isa = PBXFileReference; lastKnownFileType = sourcecode.swift; path = SceneDelegate.swift; sourceTree = "<group>"; };
		569C7D8E28C288D800992C8B /* ViewController.swift */ = {isa = PBXFileReference; lastKnownFileType = sourcecode.swift; path = ViewController.swift; sourceTree = "<group>"; };
		569C7D9128C288D800992C8B /* Base */ = {isa = PBXFileReference; lastKnownFileType = file.storyboard; name = Base; path = Base.lproj/Main.storyboard; sourceTree = "<group>"; };
		569C7D9328C288DB00992C8B /* Assets.xcassets */ = {isa = PBXFileReference; lastKnownFileType = folder.assetcatalog; path = Assets.xcassets; sourceTree = "<group>"; };
		569C7D9628C288DB00992C8B /* Base */ = {isa = PBXFileReference; lastKnownFileType = file.storyboard; name = Base; path = Base.lproj/LaunchScreen.storyboard; sourceTree = "<group>"; };
		569C7D9828C288DB00992C8B /* Info.plist */ = {isa = PBXFileReference; lastKnownFileType = text.plist.xml; path = Info.plist; sourceTree = "<group>"; };
		569C7D9D28C288DB00992C8B /* anyk-iosTests.xctest */ = {isa = PBXFileReference; explicitFileType = wrapper.cfbundle; includeInIndex = 0; path = "anyk-iosTests.xctest"; sourceTree = BUILT_PRODUCTS_DIR; };
		569C7DA128C288DB00992C8B /* anyk_iosTests.swift */ = {isa = PBXFileReference; lastKnownFileType = sourcecode.swift; path = anyk_iosTests.swift; sourceTree = "<group>"; };
		569C7DA728C288DB00992C8B /* anyk-iosUITests.xctest */ = {isa = PBXFileReference; explicitFileType = wrapper.cfbundle; includeInIndex = 0; path = "anyk-iosUITests.xctest"; sourceTree = BUILT_PRODUCTS_DIR; };
		569C7DAB28C288DB00992C8B /* anyk_iosUITests.swift */ = {isa = PBXFileReference; lastKnownFileType = sourcecode.swift; path = anyk_iosUITests.swift; sourceTree = "<group>"; };
		569C7DAD28C288DB00992C8B /* anyk_iosUITestsLaunchTests.swift */ = {isa = PBXFileReference; lastKnownFileType = sourcecode.swift; path = anyk_iosUITestsLaunchTests.swift; sourceTree = "<group>"; };
/* End PBXFileReference section */

/* Begin PBXFrameworksBuildPhase section */
		569C7D8428C288D800992C8B /* Frameworks */ = {
			isa = PBXFrameworksBuildPhase;
			buildActionMask = 2147483647;
			files = (
			);
			runOnlyForDeploymentPostprocessing = 0;
		};
		569C7D9A28C288DB00992C8B /* Frameworks */ = {
			isa = PBXFrameworksBuildPhase;
			buildActionMask = 2147483647;
			files = (
			);
			runOnlyForDeploymentPostprocessing = 0;
		};
		569C7DA428C288DB00992C8B /* Frameworks */ = {
			isa = PBXFrameworksBuildPhase;
			buildActionMask = 2147483647;
			files = (
			);
			runOnlyForDeploymentPostprocessing = 0;
		};
/* End PBXFrameworksBuildPhase section */

/* Begin PBXGroup section */
		569C7D7E28C288D800992C8B = {
			isa = PBXGroup;
			children = (
				569C7D8928C288D800992C8B /* anyk-ios */,
				569C7DA028C288DB00992C8B /* anyk-iosTests */,
				569C7DAA28C288DB00992C8B /* anyk-iosUITests */,
				569C7D8828C288D800992C8B /* Products */,
			);
			sourceTree = "<group>";
		};
		569C7D8828C288D800992C8B /* Products */ = {
			isa = PBXGroup;
			children = (
				569C7D8728C288D800992C8B /* anyk-ios.app */,
				569C7D9D28C288DB00992C8B /* anyk-iosTests.xctest */,
				569C7DA728C288DB00992C8B /* anyk-iosUITests.xctest */,
			);
			name = Products;
			sourceTree = "<group>";
		};
		569C7D8928C288D800992C8B /* anyk-ios */ = {
			isa = PBXGroup;
			children = (
				569C7D8A28C288D800992C8B /* AppDelegate.swift */,
				569C7D8C28C288D800992C8B /* SceneDelegate.swift */,
				569C7D8E28C288D800992C8B /* ViewController.swift */,
				569C7D9028C288D800992C8B /* Main.storyboard */,
				569C7D9328C288DB00992C8B /* Assets.xcassets */,
				569C7D9528C288DB00992C8B /* LaunchScreen.storyboard */,
				569C7D9828C288DB00992C8B /* Info.plist */,
			);
			path = "anyk-ios";
			sourceTree = "<group>";
		};
		569C7DA028C288DB00992C8B /* anyk-iosTests */ = {
			isa = PBXGroup;
			children = (
				569C7DA128C288DB00992C8B /* anyk_iosTests.swift */,
			);
			path = "anyk-iosTests";
			sourceTree = "<group>";
		};
		569C7DAA28C288DB00992C8B /* anyk-iosUITests */ = {
			isa = PBXGroup;
			children = (
				569C7DAB28C288DB00992C8B /* anyk_iosUITests.swift */,
				569C7DAD28C288DB00992C8B /* anyk_iosUITestsLaunchTests.swift */,
			);
			path = "anyk-iosUITests";
			sourceTree = "<group>";
		};
/* End PBXGroup section */

/* Begin PBXNativeTarget section */
		569C7D8628C288D800992C8B /* anyk-ios */ = {
			isa = PBXNativeTarget;
			buildConfigurationList = 569C7DB128C288DB00992C8B /* Build configuration list for PBXNativeTarget "anyk-ios" */;
			buildPhases = (
				569C7D8328C288D800992C8B /* Sources */,
				569C7D8428C288D800992C8B /* Frameworks */,
				569C7D8528C288D800992C8B /* Resources */,
			);
			buildRules = (
			);
			dependencies = (
			);
			name = "anyk-ios";
			productName = "anyk-ios";
			productReference = 569C7D8728C288D800992C8B /* anyk-ios.app */;
			productType = "com.apple.product-type.application";
		};
		569C7D9C28C288DB00992C8B /* anyk-iosTests */ = {
			isa = PBXNativeTarget;
			buildConfigurationList = 569C7DB428C288DB00992C8B /* Build configuration list for PBXNativeTarget "anyk-iosTests" */;
			buildPhases = (
				569C7D9928C288DB00992C8B /* Sources */,
				569C7D9A28C288DB00992C8B /* Frameworks */,
				569C7D9B28C288DB00992C8B /* Resources */,
			);
			buildRules = (
			);
			dependencies = (
				569C7D9F28C288DB00992C8B /* PBXTargetDependency */,
			);
			name = "anyk-iosTests";
			productName = "anyk-iosTests";
			productReference = 569C7D9D28C288DB00992C8B /* anyk-iosTests.xctest */;
			productType = "com.apple.product-type.bundle.unit-test";
		};
		569C7DA628C288DB00992C8B /* anyk-iosUITests */ = {
			isa = PBXNativeTarget;
			buildConfigurationList = 569C7DB728C288DB00992C8B /* Build configuration list for PBXNativeTarget "anyk-iosUITests" */;
			buildPhases = (
				569C7DA328C288DB00992C8B /* Sources */,
				569C7DA428C288DB00992C8B /* Frameworks */,
				569C7DA528C288DB00992C8B /* Resources */,
			);
			buildRules = (
			);
			dependencies = (
				569C7DA928C288DB00992C8B /* PBXTargetDependency */,
			);
			name = "anyk-iosUITests";
			productName = "anyk-iosUITests";
			productReference = 569C7DA728C288DB00992C8B /* anyk-iosUITests.xctest */;
			productType = "com.apple.product-type.bundle.ui-testing";
		};
/* End PBXNativeTarget section */

/* Begin PBXProject section */
		569C7D7F28C288D800992C8B /* Project object */ = {
			isa = PBXProject;
			attributes = {
				BuildIndependentTargetsInParallel = 1;
				LastSwiftUpdateCheck = 1340;
				LastUpgradeCheck = 1340;
				TargetAttributes = {
					569C7D8628C288D800992C8B = {
						CreatedOnToolsVersion = 13.4.1;
					};
					569C7D9C28C288DB00992C8B = {
						CreatedOnToolsVersion = 13.4.1;
						TestTargetID = 569C7D8628C288D800992C8B;
					};
					569C7DA628C288DB00992C8B = {
						CreatedOnToolsVersion = 13.4.1;
						TestTargetID = 569C7D8628C288D800992C8B;
					};
				};
			};
			buildConfigurationList = 569C7D8228C288D800992C8B /* Build configuration list for PBXProject "anyk-ios" */;
			compatibilityVersion = "Xcode 13.0";
			developmentRegion = en;
			hasScannedForEncodings = 0;
			knownRegions = (
				en,
				Base,
			);
			mainGroup = 569C7D7E28C288D800992C8B;
			productRefGroup = 569C7D8828C288D800992C8B /* Products */;
			projectDirPath = "";
			projectRoot = "";
			targets = (
				569C7D8628C288D800992C8B /* anyk-ios */,
				569C7D9C28C288DB00992C8B /* anyk-iosTests */,
				569C7DA628C288DB00992C8B /* anyk-iosUITests */,
			);
		};
/* End PBXProject section */

/* Begin PBXResourcesBuildPhase section */
		569C7D8528C288D800992C8B /* Resources */ = {
			isa = PBXResourcesBuildPhase;
			buildActionMask = 2147483647;
			files = (
				569C7D9728C288DB00992C8B /* LaunchScreen.storyboard in Resources */,
				569C7D9428C288DB00992C8B /* Assets.xcassets in Resources */,
				569C7D9228C288D800992C8B /* Main.storyboard in Resources */,
			);
			runOnlyForDeploymentPostprocessing = 0;
		};
		569C7D9B28C288DB00992C8B /* Resources */ = {
			isa = PBXResourcesBuildPhase;
			buildActionMask = 2147483647;
			files = (
			);
			runOnlyForDeploymentPostprocessing = 0;
		};
		569C7DA528C288DB00992C8B /* Resources */ = {
			isa = PBXResourcesBuildPhase;
			buildActionMask = 2147483647;
			files = (
			);
			runOnlyForDeploymentPostprocessing = 0;
		};
/* End PBXResourcesBuildPhase section */

/* Begin PBXSourcesBuildPhase section */
		569C7D8328C288D800992C8B /* Sources */ = {
			isa = PBXSourcesBuildPhase;
			buildActionMask = 2147483647;
			files = (
				569C7D8F28C288D800992C8B /* ViewController.swift in Sources */,
				569C7D8B28C288D800992C8B /* AppDelegate.swift in Sources */,
				569C7D8D28C288D800992C8B /* SceneDelegate.swift in Sources */,
			);
			runOnlyForDeploymentPostprocessing = 0;
		};
		569C7D9928C288DB00992C8B /* Sources */ = {
			isa = PBXSourcesBuildPhase;
			buildActionMask = 2147483647;
			files = (
				569C7DA228C288DB00992C8B /* anyk_iosTests.swift in Sources */,
			);
			runOnlyForDeploymentPostprocessing = 0;
		};
		569C7DA328C288DB00992C8B /* Sources */ = {
			isa = PBXSourcesBuildPhase;
			buildActionMask = 2147483647;
			files = (
				569C7DAE28C288DB00992C8B /* anyk_iosUITestsLaunchTests.swift in Sources */,
				569C7DAC28C288DB00992C8B /* anyk_iosUITests.swift in Sources */,
			);
			runOnlyForDeploymentPostprocessing = 0;
		};
/* End PBXSourcesBuildPhase section */

/* Begin PBXTargetDependency section */
		569C7D9F28C288DB00992C8B /* PBXTargetDependency */ = {
			isa = PBXTargetDependency;
			target = 569C7D8628C288D800992C8B /* anyk-ios */;
			targetProxy = 569C7D9E28C288DB00992C8B /* PBXContainerItemProxy */;
		};
		569C7DA928C288DB00992C8B /* PBXTargetDependency */ = {
			isa = PBXTargetDependency;
			target = 569C7D8628C288D800992C8B /* anyk-ios */;
			targetProxy = 569C7DA828C288DB00992C8B /* PBXContainerItemProxy */;
		};
/* End PBXTargetDependency section */

/* Begin PBXVariantGroup section */
		569C7D9028C288D800992C8B /* Main.storyboard */ = {
			isa = PBXVariantGroup;
			children = (
				569C7D9128C288D800992C8B /* Base */,
			);
			name = Main.storyboard;
			sourceTree = "<group>";
		};
		569C7D9528C288DB00992C8B /* LaunchScreen.storyboard */ = {
			isa = PBXVariantGroup;
			children = (
				569C7D9628C288DB00992C8B /* Base */,
			);
			name = LaunchScreen.storyboard;
			sourceTree = "<group>";
		};
/* End PBXVariantGroup section */

/* Begin XCBuildConfiguration section */
		569C7DAF28C288DB00992C8B /* Debug */ = {
			isa = XCBuildConfiguration;
			buildSettings = {
				ALWAYS_SEARCH_USER_PATHS = NO;
				CLANG_ANALYZER_NONNULL = YES;
				CLANG_ANALYZER_NUMBER_OBJECT_CONVERSION = YES_AGGRESSIVE;
				CLANG_CXX_LANGUAGE_STANDARD = "gnu++17";
				CLANG_ENABLE_MODULES = YES;
				CLANG_ENABLE_OBJC_ARC = YES;
				CLANG_ENABLE_OBJC_WEAK = YES;
				CLANG_WARN_BLOCK_CAPTURE_AUTORELEASING = YES;
				CLANG_WARN_BOOL_CONVERSION = YES;
				CLANG_WARN_COMMA = YES;
				CLANG_WARN_CONSTANT_CONVERSION = YES;
				CLANG_WARN_DEPRECATED_OBJC_IMPLEMENTATIONS = YES;
				CLANG_WARN_DIRECT_OBJC_ISA_USAGE = YES_ERROR;
				CLANG_WARN_DOCUMENTATION_COMMENTS = YES;
				CLANG_WARN_EMPTY_BODY = YES;
				CLANG_WARN_ENUM_CONVERSION = YES;
				CLANG_WARN_INFINITE_RECURSION = YES;
				CLANG_WARN_INT_CONVERSION = YES;
				CLANG_WARN_NON_LITERAL_NULL_CONVERSION = YES;
				CLANG_WARN_OBJC_IMPLICIT_RETAIN_SELF = YES;
				CLANG_WARN_OBJC_LITERAL_CONVERSION = YES;
				CLANG_WARN_OBJC_ROOT_CLASS = YES_ERROR;
				CLANG_WARN_QUOTED_INCLUDE_IN_FRAMEWORK_HEADER = YES;
				CLANG_WARN_RANGE_LOOP_ANALYSIS = YES;
				CLANG_WARN_STRICT_PROTOTYPES = YES;
				CLANG_WARN_SUSPICIOUS_MOVE = YES;
				CLANG_WARN_UNGUARDED_AVAILABILITY = YES_AGGRESSIVE;
				CLANG_WARN_UNREACHABLE_CODE = YES;
				CLANG_WARN__DUPLICATE_METHOD_MATCH = YES;
				COPY_PHASE_STRIP = NO;
				DEBUG_INFORMATION_FORMAT = dwarf;
				ENABLE_STRICT_OBJC_MSGSEND = YES;
				ENABLE_TESTABILITY = YES;
				GCC_C_LANGUAGE_STANDARD = gnu11;
				GCC_DYNAMIC_NO_PIC = NO;
				GCC_NO_COMMON_BLOCKS = YES;
				GCC_OPTIMIZATION_LEVEL = 0;
				GCC_PREPROCESSOR_DEFINITIONS = (
					"DEBUG=1",
					"$(inherited)",
				);
				GCC_WARN_64_TO_32_BIT_CONVERSION = YES;
				GCC_WARN_ABOUT_RETURN_TYPE = YES_ERROR;
				GCC_WARN_UNDECLARED_SELECTOR = YES;
				GCC_WARN_UNINITIALIZED_AUTOS = YES_AGGRESSIVE;
				GCC_WARN_UNUSED_FUNCTION = YES;
				GCC_WARN_UNUSED_VARIABLE = YES;
				IPHONEOS_DEPLOYMENT_TARGET = 15.5;
				MTL_ENABLE_DEBUG_INFO = INCLUDE_SOURCE;
				MTL_FAST_MATH = YES;
				ONLY_ACTIVE_ARCH = YES;
				SDKROOT = iphoneos;
				SWIFT_ACTIVE_COMPILATION_CONDITIONS = DEBUG;
				SWIFT_OPTIMIZATION_LEVEL = "-Onone";
			};
			name = Debug;
		};
		569C7DB028C288DB00992C8B /* Release */ = {
			isa = XCBuildConfiguration;
			buildSettings = {
				ALWAYS_SEARCH_USER_PATHS = NO;
				CLANG_ANALYZER_NONNULL = YES;
				CLANG_ANALYZER_NUMBER_OBJECT_CONVERSION = YES_AGGRESSIVE;
				CLANG_CXX_LANGUAGE_STANDARD = "gnu++17";
				CLANG_ENABLE_MODULES = YES;
				CLANG_ENABLE_OBJC_ARC = YES;
				CLANG_ENABLE_OBJC_WEAK = YES;
				CLANG_WARN_BLOCK_CAPTURE_AUTORELEASING = YES;
				CLANG_WARN_BOOL_CONVERSION = YES;
				CLANG_WARN_COMMA = YES;
				CLANG_WARN_CONSTANT_CONVERSION = YES;
				CLANG_WARN_DEPRECATED_OBJC_IMPLEMENTATIONS = YES;
				CLANG_WARN_DIRECT_OBJC_ISA_USAGE = YES_ERROR;
				CLANG_WARN_DOCUMENTATION_COMMENTS = YES;
				CLANG_WARN_EMPTY_BODY = YES;
				CLANG_WARN_ENUM_CONVERSION = YES;
				CLANG_WARN_INFINITE_RECURSION = YES;
				CLANG_WARN_INT_CONVERSION = YES;
				CLANG_WARN_NON_LITERAL_NULL_CONVERSION = YES;
				CLANG_WARN_OBJC_IMPLICIT_RETAIN_SELF = YES;
				CLANG_WARN_OBJC_LITERAL_CONVERSION = YES;
				CLANG_WARN_OBJC_ROOT_CLASS = YES_ERROR;
				CLANG_WARN_QUOTED_INCLUDE_IN_FRAMEWORK_HEADER = YES;
				CLANG_WARN_RANGE_LOOP_ANALYSIS = YES;
				CLANG_WARN_STRICT_PROTOTYPES = YES;
				CLANG_WARN_SUSPICIOUS_MOVE = YES;
				CLANG_WARN_UNGUARDED_AVAILABILITY = YES_AGGRESSIVE;
				CLANG_WARN_UNREACHABLE_CODE = YES;
				CLANG_WARN__DUPLICATE_METHOD_MATCH = YES;
				COPY_PHASE_STRIP = NO;
				DEBUG_INFORMATION_FORMAT = "dwarf-with-dsym";
				ENABLE_NS_ASSERTIONS = NO;
				ENABLE_STRICT_OBJC_MSGSEND = YES;
				GCC_C_LANGUAGE_STANDARD = gnu11;
				GCC_NO_COMMON_BLOCKS = YES;
				GCC_WARN_64_TO_32_BIT_CONVERSION = YES;
				GCC_WARN_ABOUT_RETURN_TYPE = YES_ERROR;
				GCC_WARN_UNDECLARED_SELECTOR = YES;
				GCC_WARN_UNINITIALIZED_AUTOS = YES_AGGRESSIVE;
				GCC_WARN_UNUSED_FUNCTION = YES;
				GCC_WARN_UNUSED_VARIABLE = YES;
				IPHONEOS_DEPLOYMENT_TARGET = 15.5;
				MTL_ENABLE_DEBUG_INFO = NO;
				MTL_FAST_MATH = YES;
				SDKROOT = iphoneos;
				SWIFT_COMPILATION_MODE = wholemodule;
				SWIFT_OPTIMIZATION_LEVEL = "-O";
				VALIDATE_PRODUCT = YES;
			};
			name = Release;
		};
		569C7DB228C288DB00992C8B /* Debug */ = {
			isa = XCBuildConfiguration;
			buildSettings = {
				ASSETCATALOG_COMPILER_APPICON_NAME = AppIcon;
				ASSETCATALOG_COMPILER_GLOBAL_ACCENT_COLOR_NAME = AccentColor;
				CODE_SIGN_STYLE = Automatic;
				CURRENT_PROJECT_VERSION = 1;
				GENERATE_INFOPLIST_FILE = YES;
				INFOPLIST_FILE = "anyk-ios/Info.plist";
				INFOPLIST_KEY_UIApplicationSupportsIndirectInputEvents = YES;
				INFOPLIST_KEY_UILaunchStoryboardName = LaunchScreen;
				INFOPLIST_KEY_UIMainStoryboardFile = Main;
				INFOPLIST_KEY_UISupportedInterfaceOrientations_iPad = "UIInterfaceOrientationPortrait UIInterfaceOrientationPortraitUpsideDown UIInterfaceOrientationLandscapeLeft UIInterfaceOrientationLandscapeRight";
				INFOPLIST_KEY_UISupportedInterfaceOrientations_iPhone = "UIInterfaceOrientationPortrait UIInterfaceOrientationLandscapeLeft UIInterfaceOrientationLandscapeRight";
				LD_RUNPATH_SEARCH_PATHS = (
					"$(inherited)",
					"@executable_path/Frameworks",
				);
				MARKETING_VERSION = 1.0;
				PRODUCT_BUNDLE_IDENTIFIER = "com.magzhanzhumaly.anyk-ios";
				PRODUCT_NAME = "$(TARGET_NAME)";
				SWIFT_EMIT_LOC_STRINGS = YES;
				SWIFT_VERSION = 5.0;
				TARGETED_DEVICE_FAMILY = "1,2";
			};
			name = Debug;
		};
		569C7DB328C288DB00992C8B /* Release */ = {
			isa = XCBuildConfiguration;
			buildSettings = {
				ASSETCATALOG_COMPILER_APPICON_NAME = AppIcon;
				ASSETCATALOG_COMPILER_GLOBAL_ACCENT_COLOR_NAME = AccentColor;
				CODE_SIGN_STYLE = Automatic;
				CURRENT_PROJECT_VERSION = 1;
				GENERATE_INFOPLIST_FILE = YES;
				INFOPLIST_FILE = "anyk-ios/Info.plist";
				INFOPLIST_KEY_UIApplicationSupportsIndirectInputEvents = YES;
				INFOPLIST_KEY_UILaunchStoryboardName = LaunchScreen;
				INFOPLIST_KEY_UIMainStoryboardFile = Main;
				INFOPLIST_KEY_UISupportedInterfaceOrientations_iPad = "UIInterfaceOrientationPortrait UIInterfaceOrientationPortraitUpsideDown UIInterfaceOrientationLandscapeLeft UIInterfaceOrientationLandscapeRight";
				INFOPLIST_KEY_UISupportedInterfaceOrientations_iPhone = "UIInterfaceOrientationPortrait UIInterfaceOrientationLandscapeLeft UIInterfaceOrientationLandscapeRight";
				LD_RUNPATH_SEARCH_PATHS = (
					"$(inherited)",
					"@executable_path/Frameworks",
				);
				MARKETING_VERSION = 1.0;
				PRODUCT_BUNDLE_IDENTIFIER = "com.magzhanzhumaly.anyk-ios";
				PRODUCT_NAME = "$(TARGET_NAME)";
				SWIFT_EMIT_LOC_STRINGS = YES;
				SWIFT_VERSION = 5.0;
				TARGETED_DEVICE_FAMILY = "1,2";
			};
			name = Release;
		};
		569C7DB528C288DB00992C8B /* Debug */ = {
			isa = XCBuildConfiguration;
			buildSettings = {
				ALWAYS_EMBED_SWIFT_STANDARD_LIBRARIES = YES;
				BUNDLE_LOADER = "$(TEST_HOST)";
				CODE_SIGN_STYLE = Automatic;
				CURRENT_PROJECT_VERSION = 1;
				GENERATE_INFOPLIST_FILE = YES;
				IPHONEOS_DEPLOYMENT_TARGET = 15.5;
				MARKETING_VERSION = 1.0;
				PRODUCT_BUNDLE_IDENTIFIER = "com.magzhanzhumaly.anyk-iosTests";
				PRODUCT_NAME = "$(TARGET_NAME)";
				SWIFT_EMIT_LOC_STRINGS = NO;
				SWIFT_VERSION = 5.0;
				TARGETED_DEVICE_FAMILY = "1,2";
				TEST_HOST = "$(BUILT_PRODUCTS_DIR)/anyk-ios.app/anyk-ios";
			};
			name = Debug;
		};
		569C7DB628C288DB00992C8B /* Release */ = {
			isa = XCBuildConfiguration;
			buildSettings = {
				ALWAYS_EMBED_SWIFT_STANDARD_LIBRARIES = YES;
				BUNDLE_LOADER = "$(TEST_HOST)";
				CODE_SIGN_STYLE = Automatic;
				CURRENT_PROJECT_VERSION = 1;
				GENERATE_INFOPLIST_FILE = YES;
				IPHONEOS_DEPLOYMENT_TARGET = 15.5;
				MARKETING_VERSION = 1.0;
				PRODUCT_BUNDLE_IDENTIFIER = "com.magzhanzhumaly.anyk-iosTests";
				PRODUCT_NAME = "$(TARGET_NAME)";
				SWIFT_EMIT_LOC_STRINGS = NO;
				SWIFT_VERSION = 5.0;
				TARGETED_DEVICE_FAMILY = "1,2";
				TEST_HOST = "$(BUILT_PRODUCTS_DIR)/anyk-ios.app/anyk-ios";
			};
			name = Release;
		};
		569C7DB828C288DB00992C8B /* Debug */ = {
			isa = XCBuildConfiguration;
			buildSettings = {
				ALWAYS_EMBED_SWIFT_STANDARD_LIBRARIES = YES;
				CODE_SIGN_STYLE = Automatic;
				CURRENT_PROJECT_VERSION = 1;
				GENERATE_INFOPLIST_FILE = YES;
				MARKETING_VERSION = 1.0;
				PRODUCT_BUNDLE_IDENTIFIER = "com.magzhanzhumaly.anyk-iosUITests";
				PRODUCT_NAME = "$(TARGET_NAME)";
				SWIFT_EMIT_LOC_STRINGS = NO;
				SWIFT_VERSION = 5.0;
				TARGETED_DEVICE_FAMILY = "1,2";
				TEST_TARGET_NAME = "anyk-ios";
			};
			name = Debug;
		};
		569C7DB928C288DB00992C8B /* Release */ = {
			isa = XCBuildConfiguration;
			buildSettings = {
				ALWAYS_EMBED_SWIFT_STANDARD_LIBRARIES = YES;
				CODE_SIGN_STYLE = Automatic;
				CURRENT_PROJECT_VERSION = 1;
				GENERATE_INFOPLIST_FILE = YES;
				MARKETING_VERSION = 1.0;
				PRODUCT_BUNDLE_IDENTIFIER = "com.magzhanzhumaly.anyk-iosUITests";
				PRODUCT_NAME = "$(TARGET_NAME)";
				SWIFT_EMIT_LOC_STRINGS = NO;
				SWIFT_VERSION = 5.0;
				TARGETED_DEVICE_FAMILY = "1,2";
				TEST_TARGET_NAME = "anyk-ios";
			};
			name = Release;
		};
/* End XCBuildConfiguration section */

/* Begin XCConfigurationList section */
		569C7D8228C288D800992C8B /* Build configuration list for PBXProject "anyk-ios" */ = {
			isa = XCConfigurationList;
			buildConfigurations = (
				569C7DAF28C288DB00992C8B /* Debug */,
				569C7DB028C288DB00992C8B /* Release */,
			);
			defaultConfigurationIsVisible = 0;
			defaultConfigurationName = Release;
		};
		569C7DB128C288DB00992C8B /* Build configuration list for PBXNativeTarget "anyk-ios" */ = {
			isa = XCConfigurationList;
			buildConfigurations = (
				569C7DB228C288DB00992C8B /* Debug */,
				569C7DB328C288DB00992C8B /* Release */,
			);
			defaultConfigurationIsVisible = 0;
			defaultConfigurationName = Release;
		};
		569C7DB428C288DB00992C8B /* Build configuration list for PBXNativeTarget "anyk-iosTests" */ = {
			isa = XCConfigurationList;
			buildConfigurations = (
				569C7DB528C288DB00992C8B /* Debug */,
				569C7DB628C288DB00992C8B /* Release */,
			);
			defaultConfigurationIsVisible = 0;
			defaultConfigurationName = Release;
		};
		569C7DB728C288DB00992C8B /* Build configuration list for PBXNativeTarget "anyk-iosUITests" */ = {
			isa = XCConfigurationList;
			buildConfigurations = (
				569C7DB828C288DB00992C8B /* Debug */,
				569C7DB928C288DB00992C8B /* Release */,
			);
			defaultConfigurationIsVisible = 0;
			defaultConfigurationName = Release;
		};
/* End XCConfigurationList section */
	};
	rootObject = 569C7D7F28C288D800992C8B /* Project object */;
}
